
Microsoft Visual Studio Solution File, Format Version 12.00
# Visual Studio Version 17
VisualStudioVersion = 17.3.32819.101
MinimumVisualStudioVersion = 10.0.40219.1
Project("{9A19103F-16F7-4668-BE54-9A1E7A4F7556}") = "732_1Reverser", "732_1Reverser\732_1Reverser.csproj", "{B2B3FB53-58A7-43B4-91CF-CB12EF38623D}"
EndProject
Project("{FAE04EC0-301F-11D3-BF4B-00C04F79EFBC}") = "UnitTests", "UnitTests\UnitTests.csproj", "{E454BF70-FA9A-44F5-BFC7-540666C0CEEA}"
EndProject
Global
	GlobalSection(SolutionConfigurationPlatforms) = preSolution
		Debug|Any CPU = Debug|Any CPU
		Release|Any CPU = Release|Any CPU
	EndGlobalSection
	GlobalSection(ProjectConfigurationPlatforms) = postSolution
		{B2B3FB53-58A7-43B4-91CF-CB12EF38623D}.Debug|Any CPU.ActiveCfg = Debug|Any CPU
		{B2B3FB53-58A7-43B4-91CF-CB12EF38623D}.Debug|Any CPU.Build.0 = Debug|Any CPU
		{B2B3FB53-58A7-43B4-91CF-CB12EF38623D}.Release|Any CPU.ActiveCfg = Release|Any CPU
		{B2B3FB53-58A7-43B4-91CF-CB12EF38623D}.Release|Any CPU.Build.0 = Release|Any CPU
		{E454BF70-FA9A-44F5-BFC7-540666C0CEEA}.Debug|Any CPU.ActiveCfg = Debug|Any CPU
		{E454BF70-FA9A-44F5-BFC7-540666C0CEEA}.Debug|Any CPU.Build.0 = Debug|Any CPU
		{E454BF70-FA9A-44F5-BFC7-540666C0CEEA}.Release|Any CPU.ActiveCfg = Release|Any CPU
		{E454BF70-FA9A-44F5-BFC7-540666C0CEEA}.Release|Any CPU.Build.0 = Release|Any CPU
	EndGlobalSection
	GlobalSection(SolutionProperties) = preSolution
		HideSolutionNode = FALSE
	EndGlobalSection
	GlobalSection(ExtensibilityGlobals) = postSolution
		SolutionGuid = {52A08D12-0105-498C-A3C3-78F6371EB0F3}
	EndGlobalSection
EndGlobal
